# This file is automatically @generated by Cargo.
# It is not intended for manual editing.
version = 3

[[package]]
name = "loop_unwrap"
version = "0.2.0"
source = "registry+https://github.com/rust-lang/crates.io-index"
checksum = "0904e6304e9caf24ea4948779e2dda92122bd7d3e98ae1926867df97093b9f9e"

[[package]]
name = "random_functions"
version = "0.1.0"
dependencies = [
 "loop_unwrap",
 "serde",
]

[[package]]
name = "serde"
version = "1.0.145"
source = "registry+https://github.com/rust-lang/crates.io-index"
checksum = "728eb6351430bccb993660dfffc5a72f91ccc1295abaa8ce19b27ebe4f75568b"
